
Microsoft Visual Studio Solution File, Format Version 12.00
# Visual Studio Version 16
VisualStudioVersion = 16.0.32106.194
MinimumVisualStudioVersion = 10.0.40219.1
Project("{8BC9CEB8-8B4A-11D0-8D11-00A0C91BC942}") = "BeginnerToBeyond", "BeginnerToBeyond\BeginnerToBeyond.vcxproj", "{7ABF3602-6897-4771-8B0D-577D203C955F}"
EndProject
Project("{8BC9CEB8-8B4A-11D0-8D11-00A0C91BC942}") = "GettingStartedChallengeSolution", "GettingStartedChallengeSolution\GettingStartedChallengeSolution.vcxproj", "{9EC00AAB-3679-4C0F-86AB-2981E80BA2CF}"
EndProject
Project("{8BC9CEB8-8B4A-11D0-8D11-00A0C91BC942}") = "StructureOfCPlusPlusProgramCodingExercisesSolutions", "StructureOfCPlusPlusProgramCodingExercises\StructureOfCPlusPlusProgramCodingExercises.vcxproj", "{36D18E55-F10B-4A3D-9AB5-967802A9EBA3}"
EndProject
Project("{8BC9CEB8-8B4A-11D0-8D11-00A0C91BC942}") = "VariablesAndConstants", "VariablesAndConstants\VariablesAndConstants.vcxproj", "{A054B40E-C712-41F1-BCB9-6D9865B65D05}"
EndProject
Project("{8BC9CEB8-8B4A-11D0-8D11-00A0C91BC942}") = "PrimitiveTypes", "PrimitiveTypes\PrimitiveTypes.vcxproj", "{7082ADF2-CD4E-49A3-ABDD-5034B612D3CE}"
EndProject
Project("{8BC9CEB8-8B4A-11D0-8D11-00A0C91BC942}") = "SizeofOperator", "SizeofOperator\SizeofOperator.vcxproj", "{8A946206-6C29-4A13-A5F2-202104977FC0}"
EndProject
Project("{8BC9CEB8-8B4A-11D0-8D11-00A0C91BC942}") = "DeclaringAndUsingConstants", "DeclaringAndUsingConstants\DeclaringAndUsingConstants.vcxproj", "{3A981703-2191-4F73-9348-5DC4C1EB1EC0}"
EndProject
Project("{8BC9CEB8-8B4A-11D0-8D11-00A0C91BC942}") = "VariablesAndConstantsChallengeSolution", "VariablesAndConstantsChallengeSolution\VariablesAndConstantsChallengeSolution.vcxproj", "{9E78D6B4-A83F-436D-B177-C13F522098DE}"
EndProject
Project("{8BC9CEB8-8B4A-11D0-8D11-00A0C91BC942}") = "Arrays", "Arrays\Arrays.vcxproj", "{AD3B3D5F-CD5D-48FC-93A1-69EB6BA60ACE}"
EndProject
Project("{8BC9CEB8-8B4A-11D0-8D11-00A0C91BC942}") = "Vectors", "Vectors\Vectors.vcxproj", "{000320AA-45C8-449C-8B86-E68AE645BAF3}"
EndProject
Project("{8BC9CEB8-8B4A-11D0-8D11-00A0C91BC942}") = "VectorsPart2", "VectorsPart2\VectorsPart2.vcxproj", "{FBAA3135-5EB2-4275-A3EE-1DEA396C673C}"
EndProject
Project("{8BC9CEB8-8B4A-11D0-8D11-00A0C91BC942}") = "VectorsCodingExerciseSolution", "VectorsCodingExerciseSolution\VectorsCodingExerciseSolution.vcxproj", "{E9510AD4-D9FD-4F38-8C05-1064460F6236}"
EndProject
Global
	GlobalSection(SolutionConfigurationPlatforms) = preSolution
		Debug|x64 = Debug|x64
		Debug|x86 = Debug|x86
		Release|x64 = Release|x64
		Release|x86 = Release|x86
	EndGlobalSection
	GlobalSection(ProjectConfigurationPlatforms) = postSolution
		{7ABF3602-6897-4771-8B0D-577D203C955F}.Debug|x64.ActiveCfg = Debug|x64
		{7ABF3602-6897-4771-8B0D-577D203C955F}.Debug|x64.Build.0 = Debug|x64
		{7ABF3602-6897-4771-8B0D-577D203C955F}.Debug|x86.ActiveCfg = Debug|Win32
		{7ABF3602-6897-4771-8B0D-577D203C955F}.Debug|x86.Build.0 = Debug|Win32
		{7ABF3602-6897-4771-8B0D-577D203C955F}.Release|x64.ActiveCfg = Release|x64
		{7ABF3602-6897-4771-8B0D-577D203C955F}.Release|x64.Build.0 = Release|x64
		{7ABF3602-6897-4771-8B0D-577D203C955F}.Release|x86.ActiveCfg = Release|Win32
		{7ABF3602-6897-4771-8B0D-577D203C955F}.Release|x86.Build.0 = Release|Win32
		{9EC00AAB-3679-4C0F-86AB-2981E80BA2CF}.Debug|x64.ActiveCfg = Debug|x64
		{9EC00AAB-3679-4C0F-86AB-2981E80BA2CF}.Debug|x64.Build.0 = Debug|x64
		{9EC00AAB-3679-4C0F-86AB-2981E80BA2CF}.Debug|x86.ActiveCfg = Debug|Win32
		{9EC00AAB-3679-4C0F-86AB-2981E80BA2CF}.Debug|x86.Build.0 = Debug|Win32
		{9EC00AAB-3679-4C0F-86AB-2981E80BA2CF}.Release|x64.ActiveCfg = Release|x64
		{9EC00AAB-3679-4C0F-86AB-2981E80BA2CF}.Release|x64.Build.0 = Release|x64
		{9EC00AAB-3679-4C0F-86AB-2981E80BA2CF}.Release|x86.ActiveCfg = Release|Win32
		{9EC00AAB-3679-4C0F-86AB-2981E80BA2CF}.Release|x86.Build.0 = Release|Win32
		{36D18E55-F10B-4A3D-9AB5-967802A9EBA3}.Debug|x64.ActiveCfg = Debug|x64
		{36D18E55-F10B-4A3D-9AB5-967802A9EBA3}.Debug|x64.Build.0 = Debug|x64
		{36D18E55-F10B-4A3D-9AB5-967802A9EBA3}.Debug|x86.ActiveCfg = Debug|Win32
		{36D18E55-F10B-4A3D-9AB5-967802A9EBA3}.Debug|x86.Build.0 = Debug|Win32
		{36D18E55-F10B-4A3D-9AB5-967802A9EBA3}.Release|x64.ActiveCfg = Release|x64
		{36D18E55-F10B-4A3D-9AB5-967802A9EBA3}.Release|x64.Build.0 = Release|x64
		{36D18E55-F10B-4A3D-9AB5-967802A9EBA3}.Release|x86.ActiveCfg = Release|Win32
		{36D18E55-F10B-4A3D-9AB5-967802A9EBA3}.Release|x86.Build.0 = Release|Win32
		{A054B40E-C712-41F1-BCB9-6D9865B65D05}.Debug|x64.ActiveCfg = Debug|x64
		{A054B40E-C712-41F1-BCB9-6D9865B65D05}.Debug|x64.Build.0 = Debug|x64
		{A054B40E-C712-41F1-BCB9-6D9865B65D05}.Debug|x86.ActiveCfg = Debug|Win32
		{A054B40E-C712-41F1-BCB9-6D9865B65D05}.Debug|x86.Build.0 = Debug|Win32
		{A054B40E-C712-41F1-BCB9-6D9865B65D05}.Release|x64.ActiveCfg = Release|x64
		{A054B40E-C712-41F1-BCB9-6D9865B65D05}.Release|x64.Build.0 = Release|x64
		{A054B40E-C712-41F1-BCB9-6D9865B65D05}.Release|x86.ActiveCfg = Release|Win32
		{A054B40E-C712-41F1-BCB9-6D9865B65D05}.Release|x86.Build.0 = Release|Win32
		{7082ADF2-CD4E-49A3-ABDD-5034B612D3CE}.Debug|x64.ActiveCfg = Debug|x64
		{7082ADF2-CD4E-49A3-ABDD-5034B612D3CE}.Debug|x64.Build.0 = Debug|x64
		{7082ADF2-CD4E-49A3-ABDD-5034B612D3CE}.Debug|x86.ActiveCfg = Debug|Win32
		{7082ADF2-CD4E-49A3-ABDD-5034B612D3CE}.Debug|x86.Build.0 = Debug|Win32
		{7082ADF2-CD4E-49A3-ABDD-5034B612D3CE}.Release|x64.ActiveCfg = Release|x64
		{7082ADF2-CD4E-49A3-ABDD-5034B612D3CE}.Release|x64.Build.0 = Release|x64
		{7082ADF2-CD4E-49A3-ABDD-5034B612D3CE}.Release|x86.ActiveCfg = Release|Win32
		{7082ADF2-CD4E-49A3-ABDD-5034B612D3CE}.Release|x86.Build.0 = Release|Win32
		{8A946206-6C29-4A13-A5F2-202104977FC0}.Debug|x64.ActiveCfg = Debug|x64
		{8A946206-6C29-4A13-A5F2-202104977FC0}.Debug|x64.Build.0 = Debug|x64
		{8A946206-6C29-4A13-A5F2-202104977FC0}.Debug|x86.ActiveCfg = Debug|Win32
		{8A946206-6C29-4A13-A5F2-202104977FC0}.Debug|x86.Build.0 = Debug|Win32
		{8A946206-6C29-4A13-A5F2-202104977FC0}.Release|x64.ActiveCfg = Release|x64
		{8A946206-6C29-4A13-A5F2-202104977FC0}.Release|x64.Build.0 = Release|x64
		{8A946206-6C29-4A13-A5F2-202104977FC0}.Release|x86.ActiveCfg = Release|Win32
		{8A946206-6C29-4A13-A5F2-202104977FC0}.Release|x86.Build.0 = Release|Win32
		{3A981703-2191-4F73-9348-5DC4C1EB1EC0}.Debug|x64.ActiveCfg = Debug|x64
		{3A981703-2191-4F73-9348-5DC4C1EB1EC0}.Debug|x64.Build.0 = Debug|x64
		{3A981703-2191-4F73-9348-5DC4C1EB1EC0}.Debug|x86.ActiveCfg = Debug|Win32
		{3A981703-2191-4F73-9348-5DC4C1EB1EC0}.Debug|x86.Build.0 = Debug|Win32
		{3A981703-2191-4F73-9348-5DC4C1EB1EC0}.Release|x64.ActiveCfg = Release|x64
		{3A981703-2191-4F73-9348-5DC4C1EB1EC0}.Release|x64.Build.0 = Release|x64
		{3A981703-2191-4F73-9348-5DC4C1EB1EC0}.Release|x86.ActiveCfg = Release|Win32
		{3A981703-2191-4F73-9348-5DC4C1EB1EC0}.Release|x86.Build.0 = Release|Win32
		{9E78D6B4-A83F-436D-B177-C13F522098DE}.Debug|x64.ActiveCfg = Debug|x64
		{9E78D6B4-A83F-436D-B177-C13F522098DE}.Debug|x64.Build.0 = Debug|x64
		{9E78D6B4-A83F-436D-B177-C13F522098DE}.Debug|x86.ActiveCfg = Debug|Win32
		{9E78D6B4-A83F-436D-B177-C13F522098DE}.Debug|x86.Build.0 = Debug|Win32
		{9E78D6B4-A83F-436D-B177-C13F522098DE}.Release|x64.ActiveCfg = Release|x64
		{9E78D6B4-A83F-436D-B177-C13F522098DE}.Release|x64.Build.0 = Release|x64
		{9E78D6B4-A83F-436D-B177-C13F522098DE}.Release|x86.ActiveCfg = Release|Win32
		{9E78D6B4-A83F-436D-B177-C13F522098DE}.Release|x86.Build.0 = Release|Win32
		{AD3B3D5F-CD5D-48FC-93A1-69EB6BA60ACE}.Debug|x64.ActiveCfg = Debug|x64
		{AD3B3D5F-CD5D-48FC-93A1-69EB6BA60ACE}.Debug|x64.Build.0 = Debug|x64
		{AD3B3D5F-CD5D-48FC-93A1-69EB6BA60ACE}.Debug|x86.ActiveCfg = Debug|Win32
		{AD3B3D5F-CD5D-48FC-93A1-69EB6BA60ACE}.Debug|x86.Build.0 = Debug|Win32
		{AD3B3D5F-CD5D-48FC-93A1-69EB6BA60ACE}.Release|x64.ActiveCfg = Release|x64
		{AD3B3D5F-CD5D-48FC-93A1-69EB6BA60ACE}.Release|x64.Build.0 = Release|x64
		{AD3B3D5F-CD5D-48FC-93A1-69EB6BA60ACE}.Release|x86.ActiveCfg = Release|Win32
		{AD3B3D5F-CD5D-48FC-93A1-69EB6BA60ACE}.Release|x86.Build.0 = Release|Win32
		{000320AA-45C8-449C-8B86-E68AE645BAF3}.Debug|x64.ActiveCfg = Debug|x64
		{000320AA-45C8-449C-8B86-E68AE645BAF3}.Debug|x64.Build.0 = Debug|x64
		{000320AA-45C8-449C-8B86-E68AE645BAF3}.Debug|x86.ActiveCfg = Debug|Win32
		{000320AA-45C8-449C-8B86-E68AE645BAF3}.Debug|x86.Build.0 = Debug|Win32
		{000320AA-45C8-449C-8B86-E68AE645BAF3}.Release|x64.ActiveCfg = Release|x64
		{000320AA-45C8-449C-8B86-E68AE645BAF3}.Release|x64.Build.0 = Release|x64
		{000320AA-45C8-449C-8B86-E68AE645BAF3}.Release|x86.ActiveCfg = Release|Win32
		{000320AA-45C8-449C-8B86-E68AE645BAF3}.Release|x86.Build.0 = Release|Win32
		{FBAA3135-5EB2-4275-A3EE-1DEA396C673C}.Debug|x64.ActiveCfg = Debug|x64
		{FBAA3135-5EB2-4275-A3EE-1DEA396C673C}.Debug|x64.Build.0 = Debug|x64
		{FBAA3135-5EB2-4275-A3EE-1DEA396C673C}.Debug|x86.ActiveCfg = Debug|Win32
		{FBAA3135-5EB2-4275-A3EE-1DEA396C673C}.Debug|x86.Build.0 = Debug|Win32
		{FBAA3135-5EB2-4275-A3EE-1DEA396C673C}.Release|x64.ActiveCfg = Release|x64
		{FBAA3135-5EB2-4275-A3EE-1DEA396C673C}.Release|x64.Build.0 = Release|x64
		{FBAA3135-5EB2-4275-A3EE-1DEA396C673C}.Release|x86.ActiveCfg = Release|Win32
		{FBAA3135-5EB2-4275-A3EE-1DEA396C673C}.Release|x86.Build.0 = Release|Win32
		{E9510AD4-D9FD-4F38-8C05-1064460F6236}.Debug|x64.ActiveCfg = Debug|x64
		{E9510AD4-D9FD-4F38-8C05-1064460F6236}.Debug|x64.Build.0 = Debug|x64
		{E9510AD4-D9FD-4F38-8C05-1064460F6236}.Debug|x86.ActiveCfg = Debug|Win32
		{E9510AD4-D9FD-4F38-8C05-1064460F6236}.Debug|x86.Build.0 = Debug|Win32
		{E9510AD4-D9FD-4F38-8C05-1064460F6236}.Release|x64.ActiveCfg = Release|x64
		{E9510AD4-D9FD-4F38-8C05-1064460F6236}.Release|x64.Build.0 = Release|x64
		{E9510AD4-D9FD-4F38-8C05-1064460F6236}.Release|x86.ActiveCfg = Release|Win32
		{E9510AD4-D9FD-4F38-8C05-1064460F6236}.Release|x86.Build.0 = Release|Win32
	EndGlobalSection
	GlobalSection(SolutionProperties) = preSolution
		HideSolutionNode = FALSE
	EndGlobalSection
	GlobalSection(ExtensibilityGlobals) = postSolution
		SolutionGuid = {9DA26215-B6C4-4104-BA9E-163C1FEC2943}
	EndGlobalSection
EndGlobal
