
Microsoft Visual Studio Solution File, Format Version 12.00
# Visual Studio Version 16
VisualStudioVersion = 16.0.32106.194
MinimumVisualStudioVersion = 10.0.40219.1
Project("{8BC9CEB8-8B4A-11D0-8D11-00A0C91BC942}") = "BeginnerToBeyond", "BeginnerToBeyond\BeginnerToBeyond.vcxproj", "{7ABF3602-6897-4771-8B0D-577D203C955F}"
EndProject
Project("{8BC9CEB8-8B4A-11D0-8D11-00A0C91BC942}") = "GettingStartedChallengeSolution", "GettingStartedChallengeSolution\GettingStartedChallengeSolution.vcxproj", "{9EC00AAB-3679-4C0F-86AB-2981E80BA2CF}"
EndProject
Project("{8BC9CEB8-8B4A-11D0-8D11-00A0C91BC942}") = "StructureOfCPlusPlusProgramCodingExercises", "StructureOfCPlusPlusProgramCodingExercises\StructureOfCPlusPlusProgramCodingExercises.vcxproj", "{36D18E55-F10B-4A3D-9AB5-967802A9EBA3}"
EndProject
Global
	GlobalSection(SolutionConfigurationPlatforms) = preSolution
		Debug|x64 = Debug|x64
		Debug|x86 = Debug|x86
		Release|x64 = Release|x64
		Release|x86 = Release|x86
	EndGlobalSection
	GlobalSection(ProjectConfigurationPlatforms) = postSolution
		{7ABF3602-6897-4771-8B0D-577D203C955F}.Debug|x64.ActiveCfg = Debug|x64
		{7ABF3602-6897-4771-8B0D-577D203C955F}.Debug|x64.Build.0 = Debug|x64
		{7ABF3602-6897-4771-8B0D-577D203C955F}.Debug|x86.ActiveCfg = Debug|Win32
		{7ABF3602-6897-4771-8B0D-577D203C955F}.Debug|x86.Build.0 = Debug|Win32
		{7ABF3602-6897-4771-8B0D-577D203C955F}.Release|x64.ActiveCfg = Release|x64
		{7ABF3602-6897-4771-8B0D-577D203C955F}.Release|x64.Build.0 = Release|x64
		{7ABF3602-6897-4771-8B0D-577D203C955F}.Release|x86.ActiveCfg = Release|Win32
		{7ABF3602-6897-4771-8B0D-577D203C955F}.Release|x86.Build.0 = Release|Win32
		{9EC00AAB-3679-4C0F-86AB-2981E80BA2CF}.Debug|x64.ActiveCfg = Debug|x64
		{9EC00AAB-3679-4C0F-86AB-2981E80BA2CF}.Debug|x64.Build.0 = Debug|x64
		{9EC00AAB-3679-4C0F-86AB-2981E80BA2CF}.Debug|x86.ActiveCfg = Debug|Win32
		{9EC00AAB-3679-4C0F-86AB-2981E80BA2CF}.Debug|x86.Build.0 = Debug|Win32
		{9EC00AAB-3679-4C0F-86AB-2981E80BA2CF}.Release|x64.ActiveCfg = Release|x64
		{9EC00AAB-3679-4C0F-86AB-2981E80BA2CF}.Release|x64.Build.0 = Release|x64
		{9EC00AAB-3679-4C0F-86AB-2981E80BA2CF}.Release|x86.ActiveCfg = Release|Win32
		{9EC00AAB-3679-4C0F-86AB-2981E80BA2CF}.Release|x86.Build.0 = Release|Win32
		{36D18E55-F10B-4A3D-9AB5-967802A9EBA3}.Debug|x64.ActiveCfg = Debug|x64
		{36D18E55-F10B-4A3D-9AB5-967802A9EBA3}.Debug|x64.Build.0 = Debug|x64
		{36D18E55-F10B-4A3D-9AB5-967802A9EBA3}.Debug|x86.ActiveCfg = Debug|Win32
		{36D18E55-F10B-4A3D-9AB5-967802A9EBA3}.Debug|x86.Build.0 = Debug|Win32
		{36D18E55-F10B-4A3D-9AB5-967802A9EBA3}.Release|x64.ActiveCfg = Release|x64
		{36D18E55-F10B-4A3D-9AB5-967802A9EBA3}.Release|x64.Build.0 = Release|x64
		{36D18E55-F10B-4A3D-9AB5-967802A9EBA3}.Release|x86.ActiveCfg = Release|Win32
		{36D18E55-F10B-4A3D-9AB5-967802A9EBA3}.Release|x86.Build.0 = Release|Win32
	EndGlobalSection
	GlobalSection(SolutionProperties) = preSolution
		HideSolutionNode = FALSE
	EndGlobalSection
	GlobalSection(ExtensibilityGlobals) = postSolution
		SolutionGuid = {9DA26215-B6C4-4104-BA9E-163C1FEC2943}
	EndGlobalSection
EndGlobal
